
Microsoft Visual Studio Solution File, Format Version 12.00
# Visual Studio Version 17
VisualStudioVersion = 17.5.33516.290
MinimumVisualStudioVersion = 10.0.40219.1
Project("{2150E333-8FDC-42A3-9474-1A3956D46DE8}") = "Problem1", "Problem1", "{6F3DB548-CD2C-4432-A404-2888525F0006}"
EndProject
Project("{9A19103F-16F7-4668-BE54-9A1E7A4F7556}") = "Infrastructures.EntityFrameworks.RegisterAllEntities", "Problem1\Infrastructures.EntityFrameworks.RegisterAllEntities\Infrastructures.EntityFrameworks.RegisterAllEntities.csproj", "{01EFCD2E-609C-4BDC-98BE-27CA342C994F}"
EndProject
Project("{9A19103F-16F7-4668-BE54-9A1E7A4F7556}") = "ExpertProblem1_ExpertBenchmark", "Problem1\ExpertProblem1_ExpertBenchmark\ExpertProblem1_ExpertBenchmark.csproj", "{644D18A7-2895-40E5-AD28-B2624C1B4DAC}"
EndProject
Project("{2150E333-8FDC-42A3-9474-1A3956D46DE8}") = "Problem2", "Problem2", "{6263F951-F3EA-4528-B906-C73435F84C97}"
EndProject
Project("{9A19103F-16F7-4668-BE54-9A1E7A4F7556}") = "ExpertProble2_ExpertBenchmark", "Problem2\ExpertProble2_ExpertBenchmark\ExpertProble2_ExpertBenchmark.csproj", "{E3EE2719-BD83-4FDB-8B73-544F2923215C}"
EndProject
Project("{2150E333-8FDC-42A3-9474-1A3956D46DE8}") = "Problem3", "Problem3", "{2538ECA6-EB3F-49AE-B31C-4CA96DC5196E}"
EndProject
Project("{FAE04EC0-301F-11D3-BF4B-00C04F79EFBC}") = "ExpertProble3_ExpertBenchmark", "Problem3\ExpertProble3_ExpertBenchmark\ExpertProble3_ExpertBenchmark.csproj", "{9368C13E-750F-4EA6-9D21-76DE63EA1EB7}"
EndProject
Project("{2150E333-8FDC-42A3-9474-1A3956D46DE8}") = "Problem4", "Problem4", "{F3E93CD4-92BD-46B2-A6B0-C6BA6E584F6C}"
EndProject
Project("{FAE04EC0-301F-11D3-BF4B-00C04F79EFBC}") = "ExpertProble4_ExpertBenchmark", "Problem4\Problem4\ExpertProble4_ExpertBenchmark.csproj", "{30346638-65D4-4CEA-AFC9-616615960CBE}"
EndProject
Global
	GlobalSection(SolutionConfigurationPlatforms) = preSolution
		Debug|Any CPU = Debug|Any CPU
		Release|Any CPU = Release|Any CPU
	EndGlobalSection
	GlobalSection(ProjectConfigurationPlatforms) = postSolution
		{01EFCD2E-609C-4BDC-98BE-27CA342C994F}.Debug|Any CPU.ActiveCfg = Debug|Any CPU
		{01EFCD2E-609C-4BDC-98BE-27CA342C994F}.Debug|Any CPU.Build.0 = Debug|Any CPU
		{01EFCD2E-609C-4BDC-98BE-27CA342C994F}.Release|Any CPU.ActiveCfg = Release|Any CPU
		{01EFCD2E-609C-4BDC-98BE-27CA342C994F}.Release|Any CPU.Build.0 = Release|Any CPU
		{644D18A7-2895-40E5-AD28-B2624C1B4DAC}.Debug|Any CPU.ActiveCfg = Debug|Any CPU
		{644D18A7-2895-40E5-AD28-B2624C1B4DAC}.Debug|Any CPU.Build.0 = Debug|Any CPU
		{644D18A7-2895-40E5-AD28-B2624C1B4DAC}.Release|Any CPU.ActiveCfg = Release|Any CPU
		{644D18A7-2895-40E5-AD28-B2624C1B4DAC}.Release|Any CPU.Build.0 = Release|Any CPU
		{E3EE2719-BD83-4FDB-8B73-544F2923215C}.Debug|Any CPU.ActiveCfg = Debug|Any CPU
		{E3EE2719-BD83-4FDB-8B73-544F2923215C}.Debug|Any CPU.Build.0 = Debug|Any CPU
		{E3EE2719-BD83-4FDB-8B73-544F2923215C}.Release|Any CPU.ActiveCfg = Release|Any CPU
		{E3EE2719-BD83-4FDB-8B73-544F2923215C}.Release|Any CPU.Build.0 = Release|Any CPU
		{9368C13E-750F-4EA6-9D21-76DE63EA1EB7}.Debug|Any CPU.ActiveCfg = Debug|Any CPU
		{9368C13E-750F-4EA6-9D21-76DE63EA1EB7}.Debug|Any CPU.Build.0 = Debug|Any CPU
		{9368C13E-750F-4EA6-9D21-76DE63EA1EB7}.Release|Any CPU.ActiveCfg = Release|Any CPU
		{9368C13E-750F-4EA6-9D21-76DE63EA1EB7}.Release|Any CPU.Build.0 = Release|Any CPU
		{30346638-65D4-4CEA-AFC9-616615960CBE}.Debug|Any CPU.ActiveCfg = Debug|Any CPU
		{30346638-65D4-4CEA-AFC9-616615960CBE}.Debug|Any CPU.Build.0 = Debug|Any CPU
		{30346638-65D4-4CEA-AFC9-616615960CBE}.Release|Any CPU.ActiveCfg = Release|Any CPU
		{30346638-65D4-4CEA-AFC9-616615960CBE}.Release|Any CPU.Build.0 = Release|Any CPU
	EndGlobalSection
	GlobalSection(SolutionProperties) = preSolution
		HideSolutionNode = FALSE
	EndGlobalSection
	GlobalSection(NestedProjects) = preSolution
		{01EFCD2E-609C-4BDC-98BE-27CA342C994F} = {6F3DB548-CD2C-4432-A404-2888525F0006}
		{644D18A7-2895-40E5-AD28-B2624C1B4DAC} = {6F3DB548-CD2C-4432-A404-2888525F0006}
		{E3EE2719-BD83-4FDB-8B73-544F2923215C} = {6263F951-F3EA-4528-B906-C73435F84C97}
		{9368C13E-750F-4EA6-9D21-76DE63EA1EB7} = {2538ECA6-EB3F-49AE-B31C-4CA96DC5196E}
		{30346638-65D4-4CEA-AFC9-616615960CBE} = {F3E93CD4-92BD-46B2-A6B0-C6BA6E584F6C}
	EndGlobalSection
	GlobalSection(ExtensibilityGlobals) = postSolution
		SolutionGuid = {CA369B6F-CDAA-45CE-88A1-54925918E7C5}
	EndGlobalSection
EndGlobal
